
Microsoft Visual Studio Solution File, Format Version 12.00
# Visual Studio Version 16
VisualStudioVersion = 16.0.30114.105
MinimumVisualStudioVersion = 10.0.40219.1
Project("{FAE04EC0-301F-11D3-BF4B-00C04F79EFBC}") = "FinancialReimbursementSystem.API", "FinancialReimbursementSystem.API\FinancialReimbursementSystem.API.csproj", "{C718058F-EED9-4870-89C5-A1CCE3491020}"
EndProject
Global
	GlobalSection(SolutionConfigurationPlatforms) = preSolution
		Debug|Any CPU = Debug|Any CPU
		Release|Any CPU = Release|Any CPU
	EndGlobalSection
	GlobalSection(SolutionProperties) = preSolution
		HideSolutionNode = FALSE
	EndGlobalSection
	GlobalSection(ProjectConfigurationPlatforms) = postSolution
		{C718058F-EED9-4870-89C5-A1CCE3491020}.Debug|Any CPU.ActiveCfg = Debug|Any CPU
		{C718058F-EED9-4870-89C5-A1CCE3491020}.Debug|Any CPU.Build.0 = Debug|Any CPU
		{C718058F-EED9-4870-89C5-A1CCE3491020}.Release|Any CPU.ActiveCfg = Release|Any CPU
		{C718058F-EED9-4870-89C5-A1CCE3491020}.Release|Any CPU.Build.0 = Release|Any CPU
	EndGlobalSection
EndGlobal
